PODS:
  - HandyJSON (5.0.2)
  - ReSwift (5.0.0)
  - ReSwiftMonitor (0.0.12):
    - HandyJSON (~> 5.0.2)
    - ReSwift (~> 5.0.0)
    - Starscream (= 3.1.1)
  - Starscream (3.1.1)

DEPENDENCIES:
  - ReSwiftMonitor

SPEC REPOS:
  trunk:
    - HandyJSON
    - ReSwift
    - ReSwiftMonitor
    - Starscream

SPEC CHECKSUMS:
  HandyJSON: 9e4e236f5d2dbefad5155a77417bbea438201c03
  ReSwift: 628f1a9b3ee52e3b3ca2a644435472fd77afafe1
  ReSwiftMonitor: 6034c404ce975936923d7ba0553424db0107c122
  Starscream: 4bb2f9942274833f7b4d296a55504dcfc7edb7b0

PODFILE CHECKSUM: d6e195ef1926076a1491bf7d607aaee56983d14d

COCOAPODS: 1.8.4
