// !$*UTF8*$!
{
	archiveVersion = 1;
	classes = {
	};
	objectVersion = 50;
	objects = {

/* Begin PBXBuildFile section */
		172ADC8F24E624F100468415 /* Assets.xcassets in Resources */ = {isa = PBXBuildFile; fileRef = 172ADC8E24E624F100468415 /* Assets.xcassets */; };
		172ADC9224E624F100468415 /* LaunchScreen.storyboard in Resources */ = {isa = PBXBuildFile; fileRef = 172ADC9024E624F100468415 /* LaunchScreen.storyboard */; };
		172ADC9F24E6259F00468415 /* AppDelegate.swift in Sources */ = {isa = PBXBuildFile; fileRef = 172ADC9D24E6259F00468415 /* AppDelegate.swift */; };
		172ADCA024E6259F00468415 /* SceneDelegate.swift in Sources */ = {isa = PBXBuildFile; fileRef = 172ADC9E24E6259F00468415 /* SceneDelegate.swift */; };
		172ADCA324E625E100468415 /* DispatchQueue+ex.swift in Sources */ = {isa = PBXBuildFile; fileRef = 172ADCA224E625E100468415 /* DispatchQueue+ex.swift */; };
		172ADCA724E6262E00468415 /* Constants.swift in Sources */ = {isa = PBXBuildFile; fileRef = 172ADCA524E6262D00468415 /* Constants.swift */; };
		172ADCA824E6262E00468415 /* SessionState.swift in Sources */ = {isa = PBXBuildFile; fileRef = 172ADCA624E6262D00468415 /* SessionState.swift */; };
		172ADCAB24E6266500468415 /* PeerObject.swift in Sources */ = {isa = PBXBuildFile; fileRef = 172ADCAA24E6266400468415 /* PeerObject.swift */; };
		172ADCBD24E6270E00468415 /* SettingViewController.swift in Sources */ = {isa = PBXBuildFile; fileRef = 172ADCB424E6270E00468415 /* SettingViewController.swift */; };
		172ADCBE24E6270E00468415 /* MainViewController.storyboard in Resources */ = {isa = PBXBuildFile; fileRef = 172ADCB524E6270E00468415 /* MainViewController.storyboard */; };
		172ADCBF24E6270E00468415 /* SettingViewController.storyboard in Resources */ = {isa = PBXBuildFile; fileRef = 172ADCB624E6270E00468415 /* SettingViewController.storyboard */; };
		172ADCC024E6270E00468415 /* MainViewController.swift in Sources */ = {isa = PBXBuildFile; fileRef = 172ADCB724E6270E00468415 /* MainViewController.swift */; };
		172ADCC224E6270E00468415 /* JSONDetailViewController.swift in Sources */ = {isa = PBXBuildFile; fileRef = 172ADCBA24E6270E00468415 /* JSONDetailViewController.swift */; };
		172ADCC324E6270E00468415 /* JSONDetailViewController.storyboard in Resources */ = {isa = PBXBuildFile; fileRef = 172ADCBB24E6270E00468415 /* JSONDetailViewController.storyboard */; };
		172ADCC424E6270E00468415 /* HistoryViewController.swift in Sources */ = {isa = PBXBuildFile; fileRef = 172ADCBC24E6270E00468415 /* HistoryViewController.swift */; };
		172ADCCA24E627BD00468415 /* AnyCodable.swift in Sources */ = {isa = PBXBuildFile; fileRef = 172ADCC724E627BD00468415 /* AnyCodable.swift */; };
		172ADCCB24E627BD00468415 /* AnyDecodable.swift in Sources */ = {isa = PBXBuildFile; fileRef = 172ADCC824E627BD00468415 /* AnyDecodable.swift */; };
		172ADCCC24E627BD00468415 /* AnyEncodable.swift in Sources */ = {isa = PBXBuildFile; fileRef = 172ADCC924E627BD00468415 /* AnyEncodable.swift */; };
		172ADCCF24E627E400468415 /* MultipeerConnectivityWrapper.swift in Sources */ = {isa = PBXBuildFile; fileRef = 172ADCCE24E627E400468415 /* MultipeerConnectivityWrapper.swift */; };
		172ADCD124E6281700468415 /* Log.swift in Sources */ = {isa = PBXBuildFile; fileRef = 172ADCD024E6281700468415 /* Log.swift */; };
		172ADCD624E62B5700468415 /* Localizable.strings in Resources */ = {isa = PBXBuildFile; fileRef = 172ADCD824E62B5700468415 /* Localizable.strings */; };
		172ADCDB24E6589800468415 /* String+ex.swift in Sources */ = {isa = PBXBuildFile; fileRef = 172ADCDA24E6589800468415 /* String+ex.swift */; };
		172ADCDF24E664CF00468415 /* HistoryViewController.storyboard in Resources */ = {isa = PBXBuildFile; fileRef = 172ADCDD24E664CE00468415 /* HistoryViewController.storyboard */; };
		172ADCE524E6A18300468415 /* UserListViewController.swift in Sources */ = {isa = PBXBuildFile; fileRef = 172ADCE424E6A18300468415 /* UserListViewController.swift */; };
		172ADCE724E6A1B000468415 /* UserListViewController.storyboard in Resources */ = {isa = PBXBuildFile; fileRef = 172ADCE624E6A1B000468415 /* UserListViewController.storyboard */; };
/* End PBXBuildFile section */

/* Begin PBXFileReference section */
		172ADC8224E624EF00468415 /* ReSwiftMonitorBrowser.app */ = {isa = PBXFileReference; explicitFileType = wrapper.application; includeInIndex = 0; path = ReSwiftMonitorBrowser.app; sourceTree = BUILT_PRODUCTS_DIR; };
		172ADC8E24E624F100468415 /* Assets.xcassets */ = {isa = PBXFileReference; lastKnownFileType = folder.assetcatalog; path = Assets.xcassets; sourceTree = "<group>"; };
		172ADC9124E624F100468415 /* Base */ = {isa = PBXFileReference; lastKnownFileType = file.storyboard; name = Base; path = Base.lproj/LaunchScreen.storyboard; sourceTree = "<group>"; };
		172ADC9324E624F100468415 /* Info.plist */ = {isa = PBXFileReference; lastKnownFileType = text.plist.xml; path = Info.plist; sourceTree = "<group>"; };
		172ADC9924E6251100468415 /* ReSwiftMonitorBrowser.entitlements */ = {isa = PBXFileReference; lastKnownFileType = text.plist.entitlements; path = ReSwiftMonitorBrowser.entitlements; sourceTree = "<group>"; };
		172ADC9D24E6259F00468415 /* AppDelegate.swift */ = {isa = PBXFileReference; fileEncoding = 4; lastKnownFileType = sourcecode.swift; path = AppDelegate.swift; sourceTree = "<group>"; };
		172ADC9E24E6259F00468415 /* SceneDelegate.swift */ = {isa = PBXFileReference; fileEncoding = 4; lastKnownFileType = sourcecode.swift; path = SceneDelegate.swift; sourceTree = "<group>"; };
		172ADCA224E625E100468415 /* DispatchQueue+ex.swift */ = {isa = PBXFileReference; fileEncoding = 4; lastKnownFileType = sourcecode.swift; path = "DispatchQueue+ex.swift"; sourceTree = "<group>"; };
		172ADCA524E6262D00468415 /* Constants.swift */ = {isa = PBXFileReference; fileEncoding = 4; lastKnownFileType = sourcecode.swift; path = Constants.swift; sourceTree = "<group>"; };
		172ADCA624E6262D00468415 /* SessionState.swift */ = {isa = PBXFileReference; fileEncoding = 4; lastKnownFileType = sourcecode.swift; path = SessionState.swift; sourceTree = "<group>"; };
		172ADCAA24E6266400468415 /* PeerObject.swift */ = {isa = PBXFileReference; fileEncoding = 4; lastKnownFileType = sourcecode.swift; path = PeerObject.swift; sourceTree = "<group>"; };
		172ADCB424E6270E00468415 /* SettingViewController.swift */ = {isa = PBXFileReference; fileEncoding = 4; lastKnownFileType = sourcecode.swift; path = SettingViewController.swift; sourceTree = "<group>"; };
		172ADCB524E6270E00468415 /* MainViewController.storyboard */ = {isa = PBXFileReference; fileEncoding = 4; lastKnownFileType = file.storyboard; path = MainViewController.storyboard; sourceTree = "<group>"; };
		172ADCB624E6270E00468415 /* SettingViewController.storyboard */ = {isa = PBXFileReference; fileEncoding = 4; lastKnownFileType = file.storyboard; path = SettingViewController.storyboard; sourceTree = "<group>"; };
		172ADCB724E6270E00468415 /* MainViewController.swift */ = {isa = PBXFileReference; fileEncoding = 4; lastKnownFileType = sourcecode.swift; path = MainViewController.swift; sourceTree = "<group>"; };
		172ADCBA24E6270E00468415 /* JSONDetailViewController.swift */ = {isa = PBXFileReference; fileEncoding = 4; lastKnownFileType = sourcecode.swift; path = JSONDetailViewController.swift; sourceTree = "<group>"; };
		172ADCBB24E6270E00468415 /* JSONDetailViewController.storyboard */ = {isa = PBXFileReference; fileEncoding = 4; lastKnownFileType = file.storyboard; path = JSONDetailViewController.storyboard; sourceTree = "<group>"; };
		172ADCBC24E6270E00468415 /* HistoryViewController.swift */ = {isa = PBXFileReference; fileEncoding = 4; lastKnownFileType = sourcecode.swift; path = HistoryViewController.swift; sourceTree = "<group>"; };
		172ADCC724E627BD00468415 /* AnyCodable.swift */ = {isa = PBXFileReference; fileEncoding = 4; lastKnownFileType = sourcecode.swift; path = AnyCodable.swift; sourceTree = "<group>"; };
		172ADCC824E627BD00468415 /* AnyDecodable.swift */ = {isa = PBXFileReference; fileEncoding = 4; lastKnownFileType = sourcecode.swift; path = AnyDecodable.swift; sourceTree = "<group>"; };
		172ADCC924E627BD00468415 /* AnyEncodable.swift */ = {isa = PBXFileReference; fileEncoding = 4; lastKnownFileType = sourcecode.swift; path = AnyEncodable.swift; sourceTree = "<group>"; };
		172ADCCE24E627E400468415 /* MultipeerConnectivityWrapper.swift */ = {isa = PBXFileReference; fileEncoding = 4; lastKnownFileType = sourcecode.swift; path = MultipeerConnectivityWrapper.swift; sourceTree = "<group>"; };
		172ADCD024E6281700468415 /* Log.swift */ = {isa = PBXFileReference; fileEncoding = 4; lastKnownFileType = sourcecode.swift; path = Log.swift; sourceTree = "<group>"; };
		172ADCD324E62B2500468415 /* ja */ = {isa = PBXFileReference; lastKnownFileType = text.plist.strings; name = ja; path = ja.lproj/LaunchScreen.strings; sourceTree = "<group>"; };
		172ADCD724E62B5700468415 /* en */ = {isa = PBXFileReference; lastKnownFileType = text.plist.strings; name = en; path = en.lproj/Localizable.strings; sourceTree = "<group>"; };
		172ADCD924E62B5A00468415 /* ja */ = {isa = PBXFileReference; lastKnownFileType = text.plist.strings; name = ja; path = ja.lproj/Localizable.strings; sourceTree = "<group>"; };
		172ADCDA24E6589800468415 /* String+ex.swift */ = {isa = PBXFileReference; lastKnownFileType = sourcecode.swift; path = "String+ex.swift"; sourceTree = "<group>"; };
		172ADCDE24E664CE00468415 /* en */ = {isa = PBXFileReference; lastKnownFileType = file.storyboard; name = en; path = en.lproj/HistoryViewController.storyboard; sourceTree = "<group>"; };
		172ADCE424E6A18300468415 /* UserListViewController.swift */ = {isa = PBXFileReference; lastKnownFileType = sourcecode.swift; path = UserListViewController.swift; sourceTree = "<group>"; };
		172ADCE624E6A1B000468415 /* UserListViewController.storyboard */ = {isa = PBXFileReference; lastKnownFileType = file.storyboard; path = UserListViewController.storyboard; sourceTree = "<group>"; };
/* End PBXFileReference section */

/* Begin PBXFrameworksBuildPhase section */
		172ADC7F24E624EF00468415 /* Frameworks */ = {
			isa = PBXFrameworksBuildPhase;
			buildActionMask = 2147483647;
			files = (
			);
			runOnlyForDeploymentPostprocessing = 0;
		};
/* End PBXFrameworksBuildPhase section */

/* Begin PBXGroup section */
		172ADC7924E624EF00468415 = {
			isa = PBXGroup;
			children = (
				172ADC8424E624EF00468415 /* ReSwiftMonitorBrowser */,
				172ADC8324E624EF00468415 /* Products */,
			);
			sourceTree = "<group>";
		};
		172ADC8324E624EF00468415 /* Products */ = {
			isa = PBXGroup;
			children = (
				172ADC8224E624EF00468415 /* ReSwiftMonitorBrowser.app */,
			);
			name = Products;
			sourceTree = "<group>";
		};
		172ADC8424E624EF00468415 /* ReSwiftMonitorBrowser */ = {
			isa = PBXGroup;
			children = (
				172ADCC624E627AE00468415 /* AnyCodable */,
				172ADC9C24E6259F00468415 /* Application */,
				172ADCA124E625E100468415 /* Ex */,
				172ADCA424E6262D00468415 /* Global */,
				172ADCA924E6266400468415 /* Model */,
				172ADCB324E6270E00468415 /* Views */,
				172ADCCD24E627E400468415 /* Wrapper */,
				172ADC8E24E624F100468415 /* Assets.xcassets */,
				172ADC9324E624F100468415 /* Info.plist */,
				172ADC9024E624F100468415 /* LaunchScreen.storyboard */,
				172ADCD824E62B5700468415 /* Localizable.strings */,
				172ADCD024E6281700468415 /* Log.swift */,
				172ADC9924E6251100468415 /* ReSwiftMonitorBrowser.entitlements */,
			);
			path = ReSwiftMonitorBrowser;
			sourceTree = "<group>";
		};
		172ADC9C24E6259F00468415 /* Application */ = {
			isa = PBXGroup;
			children = (
				172ADC9D24E6259F00468415 /* AppDelegate.swift */,
				172ADC9E24E6259F00468415 /* SceneDelegate.swift */,
			);
			path = Application;
			sourceTree = "<group>";
		};
		172ADCA124E625E100468415 /* Ex */ = {
			isa = PBXGroup;
			children = (
				172ADCA224E625E100468415 /* DispatchQueue+ex.swift */,
				172ADCDA24E6589800468415 /* String+ex.swift */,
			);
			path = Ex;
			sourceTree = "<group>";
		};
		172ADCA424E6262D00468415 /* Global */ = {
			isa = PBXGroup;
			children = (
				172ADCA524E6262D00468415 /* Constants.swift */,
				172ADCA624E6262D00468415 /* SessionState.swift */,
			);
			path = Global;
			sourceTree = "<group>";
		};
		172ADCA924E6266400468415 /* Model */ = {
			isa = PBXGroup;
			children = (
				172ADCAA24E6266400468415 /* PeerObject.swift */,
			);
			path = Model;
			sourceTree = "<group>";
		};
		172ADCB324E6270E00468415 /* Views */ = {
			isa = PBXGroup;
			children = (
				172ADCDD24E664CE00468415 /* HistoryViewController.storyboard */,
				172ADCBC24E6270E00468415 /* HistoryViewController.swift */,
				172ADCBB24E6270E00468415 /* JSONDetailViewController.storyboard */,
				172ADCBA24E6270E00468415 /* JSONDetailViewController.swift */,
				172ADCB524E6270E00468415 /* MainViewController.storyboard */,
				172ADCB724E6270E00468415 /* MainViewController.swift */,
				172ADCB624E6270E00468415 /* SettingViewController.storyboard */,
				172ADCB424E6270E00468415 /* SettingViewController.swift */,
				172ADCE424E6A18300468415 /* UserListViewController.swift */,
				172ADCE624E6A1B000468415 /* UserListViewController.storyboard */,
			);
			path = Views;
			sourceTree = "<group>";
		};
		172ADCC624E627AE00468415 /* AnyCodable */ = {
			isa = PBXGroup;
			children = (
				172ADCC724E627BD00468415 /* AnyCodable.swift */,
				172ADCC824E627BD00468415 /* AnyDecodable.swift */,
				172ADCC924E627BD00468415 /* AnyEncodable.swift */,
			);
			path = AnyCodable;
			sourceTree = "<group>";
		};
		172ADCCD24E627E400468415 /* Wrapper */ = {
			isa = PBXGroup;
			children = (
				172ADCCE24E627E400468415 /* MultipeerConnectivityWrapper.swift */,
			);
			path = Wrapper;
			sourceTree = "<group>";
		};
/* End PBXGroup section */

/* Begin PBXNativeTarget section */
		172ADC8124E624EF00468415 /* ReSwiftMonitorBrowser */ = {
			isa = PBXNativeTarget;
			buildConfigurationList = 172ADC9624E624F100468415 /* Build configuration list for PBXNativeTarget "ReSwiftMonitorBrowser" */;
			buildPhases = (
				172ADC7E24E624EF00468415 /* Sources */,
				172ADC7F24E624EF00468415 /* Frameworks */,
				172ADC8024E624EF00468415 /* Resources */,
			);
			buildRules = (
			);
			dependencies = (
			);
			name = ReSwiftMonitorBrowser;
			productName = ReSwiftMonitorBrowser;
			productReference = 172ADC8224E624EF00468415 /* ReSwiftMonitorBrowser.app */;
			productType = "com.apple.product-type.application";
		};
/* End PBXNativeTarget section */

/* Begin PBXProject section */
		172ADC7A24E624EF00468415 /* Project object */ = {
			isa = PBXProject;
			attributes = {
				LastSwiftUpdateCheck = 1160;
				LastUpgradeCheck = 1160;
				ORGANIZATIONNAME = "Takuya Ohsawa";
				TargetAttributes = {
					172ADC8124E624EF00468415 = {
						CreatedOnToolsVersion = 11.6;
					};
				};
			};
			buildConfigurationList = 172ADC7D24E624EF00468415 /* Build configuration list for PBXProject "ReSwiftMonitorBrowser" */;
			compatibilityVersion = "Xcode 9.3";
			developmentRegion = en;
			hasScannedForEncodings = 0;
			knownRegions = (
				en,
				Base,
				ja,
			);
			mainGroup = 172ADC7924E624EF00468415;
			productRefGroup = 172ADC8324E624EF00468415 /* Products */;
			projectDirPath = "";
			projectRoot = "";
			targets = (
				172ADC8124E624EF00468415 /* ReSwiftMonitorBrowser */,
			);
		};
/* End PBXProject section */

/* Begin PBXResourcesBuildPhase section */
		172ADC8024E624EF00468415 /* Resources */ = {
			isa = PBXResourcesBuildPhase;
			buildActionMask = 2147483647;
			files = (
				172ADC8F24E624F100468415 /* Assets.xcassets in Resources */,
				172ADCDF24E664CF00468415 /* HistoryViewController.storyboard in Resources */,
				172ADCC324E6270E00468415 /* JSONDetailViewController.storyboard in Resources */,
				172ADC9224E624F100468415 /* LaunchScreen.storyboard in Resources */,
				172ADCD624E62B5700468415 /* Localizable.strings in Resources */,
				172ADCBE24E6270E00468415 /* MainViewController.storyboard in Resources */,
				172ADCE724E6A1B000468415 /* UserListViewController.storyboard in Resources */,
				172ADCBF24E6270E00468415 /* SettingViewController.storyboard in Resources */,
			);
			runOnlyForDeploymentPostprocessing = 0;
		};
/* End PBXResourcesBuildPhase section */

/* Begin PBXSourcesBuildPhase section */
		172ADC7E24E624EF00468415 /* Sources */ = {
			isa = PBXSourcesBuildPhase;
			buildActionMask = 2147483647;
			files = (
				172ADCCA24E627BD00468415 /* AnyCodable.swift in Sources */,
				172ADCCB24E627BD00468415 /* AnyDecodable.swift in Sources */,
				172ADCCC24E627BD00468415 /* AnyEncodable.swift in Sources */,
				172ADC9F24E6259F00468415 /* AppDelegate.swift in Sources */,
				172ADCA724E6262E00468415 /* Constants.swift in Sources */,
				172ADCA324E625E100468415 /* DispatchQueue+ex.swift in Sources */,
				172ADCC424E6270E00468415 /* HistoryViewController.swift in Sources */,
				172ADCC224E6270E00468415 /* JSONDetailViewController.swift in Sources */,
				172ADCD124E6281700468415 /* Log.swift in Sources */,
				172ADCC024E6270E00468415 /* MainViewController.swift in Sources */,
				172ADCCF24E627E400468415 /* MultipeerConnectivityWrapper.swift in Sources */,
				172ADCE524E6A18300468415 /* UserListViewController.swift in Sources */,
				172ADCAB24E6266500468415 /* PeerObject.swift in Sources */,
				172ADCA024E6259F00468415 /* SceneDelegate.swift in Sources */,
				172ADCA824E6262E00468415 /* SessionState.swift in Sources */,
				172ADCBD24E6270E00468415 /* SettingViewController.swift in Sources */,
				172ADCDB24E6589800468415 /* String+ex.swift in Sources */,
			);
			runOnlyForDeploymentPostprocessing = 0;
		};
/* End PBXSourcesBuildPhase section */

/* Begin PBXVariantGroup section */
		172ADC9024E624F100468415 /* LaunchScreen.storyboard */ = {
			isa = PBXVariantGroup;
			children = (
				172ADC9124E624F100468415 /* Base */,
				172ADCD324E62B2500468415 /* ja */,
			);
			name = LaunchScreen.storyboard;
			sourceTree = "<group>";
		};
		172ADCD824E62B5700468415 /* Localizable.strings */ = {
			isa = PBXVariantGroup;
			children = (
				172ADCD724E62B5700468415 /* en */,
				172ADCD924E62B5A00468415 /* ja */,
			);
			name = Localizable.strings;
			sourceTree = "<group>";
		};
		172ADCDD24E664CE00468415 /* HistoryViewController.storyboard */ = {
			isa = PBXVariantGroup;
			children = (
				172ADCDE24E664CE00468415 /* en */,
			);
			name = HistoryViewController.storyboard;
			sourceTree = "<group>";
		};
/* End PBXVariantGroup section */

/* Begin XCBuildConfiguration section */
		172ADC9424E624F100468415 /* Debug */ = {
			isa = XCBuildConfiguration;
			buildSettings = {
				ALWAYS_SEARCH_USER_PATHS = NO;
				CLANG_ANALYZER_LOCALIZABILITY_NONLOCALIZED = YES;
				CLANG_ANALYZER_NONNULL = YES;
				CLANG_ANALYZER_NUMBER_OBJECT_CONVERSION = YES_AGGRESSIVE;
				CLANG_CXX_LANGUAGE_STANDARD = "gnu++14";
				CLANG_CXX_LIBRARY = "libc++";
				CLANG_ENABLE_MODULES = YES;
				CLANG_ENABLE_OBJC_ARC = YES;
				CLANG_ENABLE_OBJC_WEAK = YES;
				CLANG_WARN_BLOCK_CAPTURE_AUTORELEASING = YES;
				CLANG_WARN_BOOL_CONVERSION = YES;
				CLANG_WARN_COMMA = YES;
				CLANG_WARN_CONSTANT_CONVERSION = YES;
				CLANG_WARN_DEPRECATED_OBJC_IMPLEMENTATIONS = YES;
				CLANG_WARN_DIRECT_OBJC_ISA_USAGE = YES_ERROR;
				CLANG_WARN_DOCUMENTATION_COMMENTS = YES;
				CLANG_WARN_EMPTY_BODY = YES;
				CLANG_WARN_ENUM_CONVERSION = YES;
				CLANG_WARN_INFINITE_RECURSION = YES;
				CLANG_WARN_INT_CONVERSION = YES;
				CLANG_WARN_NON_LITERAL_NULL_CONVERSION = YES;
				CLANG_WARN_OBJC_IMPLICIT_RETAIN_SELF = YES;
				CLANG_WARN_OBJC_LITERAL_CONVERSION = YES;
				CLANG_WARN_OBJC_ROOT_CLASS = YES_ERROR;
				CLANG_WARN_RANGE_LOOP_ANALYSIS = YES;
				CLANG_WARN_STRICT_PROTOTYPES = YES;
				CLANG_WARN_SUSPICIOUS_MOVE = YES;
				CLANG_WARN_UNGUARDED_AVAILABILITY = YES_AGGRESSIVE;
				CLANG_WARN_UNREACHABLE_CODE = YES;
				CLANG_WARN__DUPLICATE_METHOD_MATCH = YES;
				COPY_PHASE_STRIP = NO;
				DEBUG_INFORMATION_FORMAT = dwarf;
				ENABLE_STRICT_OBJC_MSGSEND = YES;
				ENABLE_TESTABILITY = YES;
				GCC_C_LANGUAGE_STANDARD = gnu11;
				GCC_DYNAMIC_NO_PIC = NO;
				GCC_NO_COMMON_BLOCKS = YES;
				GCC_OPTIMIZATION_LEVEL = 0;
				GCC_PREPROCESSOR_DEFINITIONS = (
					"DEBUG=1",
					"$(inherited)",
				);
				GCC_WARN_64_TO_32_BIT_CONVERSION = YES;
				GCC_WARN_ABOUT_RETURN_TYPE = YES_ERROR;
				GCC_WARN_UNDECLARED_SELECTOR = YES;
				GCC_WARN_UNINITIALIZED_AUTOS = YES_AGGRESSIVE;
				GCC_WARN_UNUSED_FUNCTION = YES;
				GCC_WARN_UNUSED_VARIABLE = YES;
				IPHONEOS_DEPLOYMENT_TARGET = 13.6;
				MTL_ENABLE_DEBUG_INFO = INCLUDE_SOURCE;
				MTL_FAST_MATH = YES;
				ONLY_ACTIVE_ARCH = YES;
				SDKROOT = iphoneos;
				SWIFT_ACTIVE_COMPILATION_CONDITIONS = DEBUG;
				SWIFT_OPTIMIZATION_LEVEL = "-Onone";
			};
			name = Debug;
		};
		172ADC9524E624F100468415 /* Release */ = {
			isa = XCBuildConfiguration;
			buildSettings = {
				ALWAYS_SEARCH_USER_PATHS = NO;
				CLANG_ANALYZER_LOCALIZABILITY_NONLOCALIZED = YES;
				CLANG_ANALYZER_NONNULL = YES;
				CLANG_ANALYZER_NUMBER_OBJECT_CONVERSION = YES_AGGRESSIVE;
				CLANG_CXX_LANGUAGE_STANDARD = "gnu++14";
				CLANG_CXX_LIBRARY = "libc++";
				CLANG_ENABLE_MODULES = YES;
				CLANG_ENABLE_OBJC_ARC = YES;
				CLANG_ENABLE_OBJC_WEAK = YES;
				CLANG_WARN_BLOCK_CAPTURE_AUTORELEASING = YES;
				CLANG_WARN_BOOL_CONVERSION = YES;
				CLANG_WARN_COMMA = YES;
				CLANG_WARN_CONSTANT_CONVERSION = YES;
				CLANG_WARN_DEPRECATED_OBJC_IMPLEMENTATIONS = YES;
				CLANG_WARN_DIRECT_OBJC_ISA_USAGE = YES_ERROR;
				CLANG_WARN_DOCUMENTATION_COMMENTS = YES;
				CLANG_WARN_EMPTY_BODY = YES;
				CLANG_WARN_ENUM_CONVERSION = YES;
				CLANG_WARN_INFINITE_RECURSION = YES;
				CLANG_WARN_INT_CONVERSION = YES;
				CLANG_WARN_NON_LITERAL_NULL_CONVERSION = YES;
				CLANG_WARN_OBJC_IMPLICIT_RETAIN_SELF = YES;
				CLANG_WARN_OBJC_LITERAL_CONVERSION = YES;
				CLANG_WARN_OBJC_ROOT_CLASS = YES_ERROR;
				CLANG_WARN_RANGE_LOOP_ANALYSIS = YES;
				CLANG_WARN_STRICT_PROTOTYPES = YES;
				CLANG_WARN_SUSPICIOUS_MOVE = YES;
				CLANG_WARN_UNGUARDED_AVAILABILITY = YES_AGGRESSIVE;
				CLANG_WARN_UNREACHABLE_CODE = YES;
				CLANG_WARN__DUPLICATE_METHOD_MATCH = YES;
				COPY_PHASE_STRIP = NO;
				DEBUG_INFORMATION_FORMAT = "dwarf-with-dsym";
				ENABLE_NS_ASSERTIONS = NO;
				ENABLE_STRICT_OBJC_MSGSEND = YES;
				GCC_C_LANGUAGE_STANDARD = gnu11;
				GCC_NO_COMMON_BLOCKS = YES;
				GCC_WARN_64_TO_32_BIT_CONVERSION = YES;
				GCC_WARN_ABOUT_RETURN_TYPE = YES_ERROR;
				GCC_WARN_UNDECLARED_SELECTOR = YES;
				GCC_WARN_UNINITIALIZED_AUTOS = YES_AGGRESSIVE;
				GCC_WARN_UNUSED_FUNCTION = YES;
				GCC_WARN_UNUSED_VARIABLE = YES;
				IPHONEOS_DEPLOYMENT_TARGET = 13.6;
				MTL_ENABLE_DEBUG_INFO = NO;
				MTL_FAST_MATH = YES;
				SDKROOT = iphoneos;
				SWIFT_COMPILATION_MODE = wholemodule;
				SWIFT_OPTIMIZATION_LEVEL = "-O";
				VALIDATE_PRODUCT = YES;
			};
			name = Release;
		};
		172ADC9724E624F100468415 /* Debug */ = {
			isa = XCBuildConfiguration;
			buildSettings = {
				ASSETCATALOG_COMPILER_APPICON_NAME = AppIcon;
				CODE_SIGN_ENTITLEMENTS = ReSwiftMonitorBrowser/ReSwiftMonitorBrowser.entitlements;
				"CODE_SIGN_IDENTITY[sdk=macosx*]" = "-";
				CODE_SIGN_STYLE = Automatic;
				"ENABLE_HARDENED_RUNTIME[sdk=macosx*]" = YES;
				INFOPLIST_FILE = ReSwiftMonitorBrowser/Info.plist;
				IPHONEOS_DEPLOYMENT_TARGET = 11.0;
				LD_RUNPATH_SEARCH_PATHS = (
					"$(inherited)",
					"@executable_path/Frameworks",
				);
				PRODUCT_BUNDLE_IDENTIFIER = "t-osawa-009.ReSwiftMonitorBrowser";
				PRODUCT_NAME = "$(TARGET_NAME)";
				SUPPORTS_MACCATALYST = YES;
				SWIFT_VERSION = 5.0;
				TARGETED_DEVICE_FAMILY = "1,2";
			};
			name = Debug;
		};
		172ADC9824E624F100468415 /* Release */ = {
			isa = XCBuildConfiguration;
			buildSettings = {
				ASSETCATALOG_COMPILER_APPICON_NAME = AppIcon;
				CODE_SIGN_ENTITLEMENTS = ReSwiftMonitorBrowser/ReSwiftMonitorBrowser.entitlements;
				"CODE_SIGN_IDENTITY[sdk=macosx*]" = "-";
				CODE_SIGN_STYLE = Automatic;
				"ENABLE_HARDENED_RUNTIME[sdk=macosx*]" = YES;
				INFOPLIST_FILE = ReSwiftMonitorBrowser/Info.plist;
				IPHONEOS_DEPLOYMENT_TARGET = 11.0;
				LD_RUNPATH_SEARCH_PATHS = (
					"$(inherited)",
					"@executable_path/Frameworks",
				);
				PRODUCT_BUNDLE_IDENTIFIER = "t-osawa-009.ReSwiftMonitorBrowser";
				PRODUCT_NAME = "$(TARGET_NAME)";
				SUPPORTS_MACCATALYST = YES;
				SWIFT_VERSION = 5.0;
				TARGETED_DEVICE_FAMILY = "1,2";
			};
			name = Release;
		};
/* End XCBuildConfiguration section */

/* Begin XCConfigurationList section */
		172ADC7D24E624EF00468415 /* Build configuration list for PBXProject "ReSwiftMonitorBrowser" */ = {
			isa = XCConfigurationList;
			buildConfigurations = (
				172ADC9424E624F100468415 /* Debug */,
				172ADC9524E624F100468415 /* Release */,
			);
			defaultConfigurationIsVisible = 0;
			defaultConfigurationName = Release;
		};
		172ADC9624E624F100468415 /* Build configuration list for PBXNativeTarget "ReSwiftMonitorBrowser" */ = {
			isa = XCConfigurationList;
			buildConfigurations = (
				172ADC9724E624F100468415 /* Debug */,
				172ADC9824E624F100468415 /* Release */,
			);
			defaultConfigurationIsVisible = 0;
			defaultConfigurationName = Release;
		};
/* End XCConfigurationList section */
	};
	rootObject = 172ADC7A24E624EF00468415 /* Project object */;
}
